
Microsoft Visual Studio Solution File, Format Version 12.00
# Visual Studio Version 16
VisualStudioVersion = 16.0.29009.5
MinimumVisualStudioVersion = 10.0.40219.1
Project("{FAE04EC0-301F-11D3-BF4B-00C04F79EFBC}") = "Vytas_Project.Android", "Vytas_Project\Vytas_Project.Android\Vytas_Project.Android.csproj", "{5FFE4E4F-E20F-4759-9381-BE4228F95147}"
EndProject
Project("{FAE04EC0-301F-11D3-BF4B-00C04F79EFBC}") = "Vytas_Project", "Vytas_Project\Vytas_Project\Vytas_Project.csproj", "{76BDC755-2E4A-4DD8-BF9A-B6950742A1AC}"
EndProject
Global
	GlobalSection(SolutionConfigurationPlatforms) = preSolution
		Debug|Any CPU = Debug|Any CPU
		Release|Any CPU = Release|Any CPU
	EndGlobalSection
	GlobalSection(ProjectConfigurationPlatforms) = postSolution
		{5FFE4E4F-E20F-4759-9381-BE4228F95147}.Debug|Any CPU.ActiveCfg = Debug|Any CPU
		{5FFE4E4F-E20F-4759-9381-BE4228F95147}.Debug|Any CPU.Build.0 = Debug|Any CPU
		{5FFE4E4F-E20F-4759-9381-BE4228F95147}.Debug|Any CPU.Deploy.0 = Debug|Any CPU
		{5FFE4E4F-E20F-4759-9381-BE4228F95147}.Release|Any CPU.ActiveCfg = Release|Any CPU
		{5FFE4E4F-E20F-4759-9381-BE4228F95147}.Release|Any CPU.Build.0 = Release|Any CPU
		{5FFE4E4F-E20F-4759-9381-BE4228F95147}.Release|Any CPU.Deploy.0 = Release|Any CPU
		{76BDC755-2E4A-4DD8-BF9A-B6950742A1AC}.Debug|Any CPU.ActiveCfg = Debug|Any CPU
		{76BDC755-2E4A-4DD8-BF9A-B6950742A1AC}.Debug|Any CPU.Build.0 = Debug|Any CPU
		{76BDC755-2E4A-4DD8-BF9A-B6950742A1AC}.Debug|Any CPU.Deploy.0 = Debug|Any CPU
		{76BDC755-2E4A-4DD8-BF9A-B6950742A1AC}.Release|Any CPU.ActiveCfg = Release|Any CPU
		{76BDC755-2E4A-4DD8-BF9A-B6950742A1AC}.Release|Any CPU.Build.0 = Release|Any CPU
		{76BDC755-2E4A-4DD8-BF9A-B6950742A1AC}.Release|Any CPU.Deploy.0 = Release|Any CPU
	EndGlobalSection
	GlobalSection(SolutionProperties) = preSolution
		HideSolutionNode = FALSE
	EndGlobalSection
	GlobalSection(ExtensibilityGlobals) = postSolution
		SolutionGuid = {AA856299-F939-4BF4-B81D-30AF588CB271}
	EndGlobalSection
EndGlobal
